
Microsoft Visual Studio Solution File, Format Version 12.00
# Visual Studio 15
Project("{FAE04EC0-301F-11D3-BF4B-00C04F79EFBC}") = "scratch", "scratch.csproj", "{A118CE49-3F05-4792-B3AF-984A8CDD5435}"
EndProject
Global
	GlobalSection(SolutionConfigurationPlatforms) = preSolution
		Debug|Any CPU = Debug|Any CPU
		Release|Any CPU = Release|Any CPU
	EndGlobalSection
	GlobalSection(ProjectConfigurationPlatforms) = postSolution
		{A118CE49-3F05-4792-B3AF-984A8CDD5435}.Debug|Any CPU.ActiveCfg = Debug|Any CPU
		{A118CE49-3F05-4792-B3AF-984A8CDD5435}.Debug|Any CPU.Build.0 = Debug|Any CPU
		{A118CE49-3F05-4792-B3AF-984A8CDD5435}.Release|Any CPU.ActiveCfg = Release|Any CPU
		{A118CE49-3F05-4792-B3AF-984A8CDD5435}.Release|Any CPU.Build.0 = Release|Any CPU
	EndGlobalSection
EndGlobal
